
Microsoft Visual Studio Solution File, Format Version 12.00
Project("{FAE04EC0-301F-11D3-BF4B-00C04F79EFBC}") = "DelauNET", "DelauNET\DelauNET.csproj", "{40B868E8-0E87-45C3-A228-8F56C1506FCE}"
EndProject
Project("{FAE04EC0-301F-11D3-BF4B-00C04F79EFBC}") = "DelauNET.Tests", "DelauNET.Tests\DelauNET.Tests.csproj", "{7CC3EF3B-71D8-4DFF-9FD5-30CE354947C1}"
EndProject
Project("{FAE04EC0-301F-11D3-BF4B-00C04F79EFBC}") = "DelauNET.Unity", "DelauNET.Unity\DelauNET.Unity.csproj", "{307E5F16-0683-4C78-85F3-DA8455CCCA96}"
EndProject
Global
	GlobalSection(SolutionConfigurationPlatforms) = preSolution
		Debug|Any CPU = Debug|Any CPU
		Release|Any CPU = Release|Any CPU
	EndGlobalSection
	GlobalSection(ProjectConfigurationPlatforms) = postSolution
		{40B868E8-0E87-45C3-A228-8F56C1506FCE}.Debug|Any CPU.ActiveCfg = Debug|Any CPU
		{40B868E8-0E87-45C3-A228-8F56C1506FCE}.Debug|Any CPU.Build.0 = Debug|Any CPU
		{40B868E8-0E87-45C3-A228-8F56C1506FCE}.Release|Any CPU.ActiveCfg = Release|Any CPU
		{40B868E8-0E87-45C3-A228-8F56C1506FCE}.Release|Any CPU.Build.0 = Release|Any CPU
		{7CC3EF3B-71D8-4DFF-9FD5-30CE354947C1}.Debug|Any CPU.ActiveCfg = Debug|Any CPU
		{7CC3EF3B-71D8-4DFF-9FD5-30CE354947C1}.Debug|Any CPU.Build.0 = Debug|Any CPU
		{7CC3EF3B-71D8-4DFF-9FD5-30CE354947C1}.Release|Any CPU.ActiveCfg = Release|Any CPU
		{7CC3EF3B-71D8-4DFF-9FD5-30CE354947C1}.Release|Any CPU.Build.0 = Release|Any CPU
		{307E5F16-0683-4C78-85F3-DA8455CCCA96}.Debug|Any CPU.ActiveCfg = Debug|Any CPU
		{307E5F16-0683-4C78-85F3-DA8455CCCA96}.Debug|Any CPU.Build.0 = Debug|Any CPU
		{307E5F16-0683-4C78-85F3-DA8455CCCA96}.Release|Any CPU.ActiveCfg = Release|Any CPU
		{307E5F16-0683-4C78-85F3-DA8455CCCA96}.Release|Any CPU.Build.0 = Release|Any CPU
	EndGlobalSection
EndGlobal
